// !$*UTF8*$!
{
	archiveVersion = 1;
	classes = {
	};
	objectVersion = 51;
	objects = {

/* Begin PBXBuildFile section */
		2200D9CE26120D3300186CB6 /* GetSearchedNews.swift in Sources */ = {isa = PBXBuildFile; fileRef = 2200D9CD26120D3300186CB6 /* GetSearchedNews.swift */; };
		22214D2826130106001AEA81 /* DateFormatting.swift in Sources */ = {isa = PBXBuildFile; fileRef = 22214D2726130106001AEA81 /* DateFormatting.swift */; };
		22214D2D2613017C001AEA81 /* GetYesterdayNews.swift in Sources */ = {isa = PBXBuildFile; fileRef = 22214D2C2613017C001AEA81 /* GetYesterdayNews.swift */; };
		22214D32261322A2001AEA81 /* GetCategoryNews.swift in Sources */ = {isa = PBXBuildFile; fileRef = 22214D31261322A2001AEA81 /* GetCategoryNews.swift */; };
		222763B32611A15D00CFD42E /* BreakingNews.swift in Sources */ = {isa = PBXBuildFile; fileRef = 222763B22611A15D00CFD42E /* BreakingNews.swift */; };
		222763C02611A31500CFD42E /* GetPopularNews.swift in Sources */ = {isa = PBXBuildFile; fileRef = 222763BF2611A31500CFD42E /* GetPopularNews.swift */; };
		229BE1B82610B124008D9F25 /* PopularCVC.swift in Sources */ = {isa = PBXBuildFile; fileRef = 229BE1B72610B124008D9F25 /* PopularCVC.swift */; };
		22CD46EA260C749F00478697 /* AppDelegate.swift in Sources */ = {isa = PBXBuildFile; fileRef = 22CD46E9260C749F00478697 /* AppDelegate.swift */; };
		22CD46EC260C749F00478697 /* SceneDelegate.swift in Sources */ = {isa = PBXBuildFile; fileRef = 22CD46EB260C749F00478697 /* SceneDelegate.swift */; };
		22CD46EE260C749F00478697 /* SplashScreenVC.swift in Sources */ = {isa = PBXBuildFile; fileRef = 22CD46ED260C749F00478697 /* SplashScreenVC.swift */; };
		22CD46F1260C749F00478697 /* Main.storyboard in Resources */ = {isa = PBXBuildFile; fileRef = 22CD46EF260C749F00478697 /* Main.storyboard */; };
		22CD46F3260C749F00478697 /* Assets.xcassets in Resources */ = {isa = PBXBuildFile; fileRef = 22CD46F2260C749F00478697 /* Assets.xcassets */; };
		22CD46F6260C749F00478697 /* LaunchScreen.storyboard in Resources */ = {isa = PBXBuildFile; fileRef = 22CD46F4260C749F00478697 /* LaunchScreen.storyboard */; };
		22CD4701260C749F00478697 /* GuideNewsTests.swift in Sources */ = {isa = PBXBuildFile; fileRef = 22CD4700260C749F00478697 /* GuideNewsTests.swift */; };
		22CD470C260C749F00478697 /* GuideNewsUITests.swift in Sources */ = {isa = PBXBuildFile; fileRef = 22CD470B260C749F00478697 /* GuideNewsUITests.swift */; };
		22CD4742260C844B00478697 /* SplashScreenCarousel.swift in Sources */ = {isa = PBXBuildFile; fileRef = 22CD4741260C844B00478697 /* SplashScreenCarousel.swift */; };
		22CD474E260C97C300478697 /* InterestVC.swift in Sources */ = {isa = PBXBuildFile; fileRef = 22CD474D260C97C300478697 /* InterestVC.swift */; };
		22CD4753260C985000478697 /* GradientBackground.swift in Sources */ = {isa = PBXBuildFile; fileRef = 22CD4752260C985000478697 /* GradientBackground.swift */; };
		22CD4769260CA30100478697 /* InterestStruct.swift in Sources */ = {isa = PBXBuildFile; fileRef = 22CD4768260CA30100478697 /* InterestStruct.swift */; };
		22CD476E260CAD4900478697 /* InterestCVC.swift in Sources */ = {isa = PBXBuildFile; fileRef = 22CD476D260CAD4900478697 /* InterestCVC.swift */; };
		22CD4781260DDC7500478697 /* CollectionViewFooter.swift in Sources */ = {isa = PBXBuildFile; fileRef = 22CD4780260DDC7500478697 /* CollectionViewFooter.swift */; };
		22CD478D260DFDD400478697 /* Feed.storyboard in Resources */ = {isa = PBXBuildFile; fileRef = 22CD478C260DFDD400478697 /* Feed.storyboard */; };
		22CD4792260DFE0200478697 /* FeedVC.swift in Sources */ = {isa = PBXBuildFile; fileRef = 22CD4791260DFE0200478697 /* FeedVC.swift */; };
		22CD47A6260E060F00478697 /* FeedTabBarController.swift in Sources */ = {isa = PBXBuildFile; fileRef = 22CD47A5260E060F00478697 /* FeedTabBarController.swift */; };
		22F80A392611AE1A000A68EA /* Constants.swift in Sources */ = {isa = PBXBuildFile; fileRef = 22F80A382611AE1A000A68EA /* Constants.swift */; };
		22F80A462611E58E000A68EA /* NewsDetailsVC.swift in Sources */ = {isa = PBXBuildFile; fileRef = 22F80A452611E58E000A68EA /* NewsDetailsVC.swift */; };
		22FF3A1B2610BB4A002B86F5 /* FeedInterestCVC.swift in Sources */ = {isa = PBXBuildFile; fileRef = 22FF3A1A2610BB4A002B86F5 /* FeedInterestCVC.swift */; };
		22FF3A202610C203002B86F5 /* YesterdayCVC.swift in Sources */ = {isa = PBXBuildFile; fileRef = 22FF3A1F2610C203002B86F5 /* YesterdayCVC.swift */; };
		22FF3A352610CD84002B86F5 /* FeedLayoutExtention.swift in Sources */ = {isa = PBXBuildFile; fileRef = 22FF3A342610CD84002B86F5 /* FeedLayoutExtention.swift */; };
		22FF3A422610D4BD002B86F5 /* SearchVC.swift in Sources */ = {isa = PBXBuildFile; fileRef = 22FF3A412610D4BD002B86F5 /* SearchVC.swift */; };
		22FF3A472610D850002B86F5 /* SearchTVC.swift in Sources */ = {isa = PBXBuildFile; fileRef = 22FF3A462610D850002B86F5 /* SearchTVC.swift */; };
		22FF3A4C2610EFA0002B86F5 /* CategoryVC.swift in Sources */ = {isa = PBXBuildFile; fileRef = 22FF3A4B2610EFA0002B86F5 /* CategoryVC.swift */; };
		22FF3A512610F1C3002B86F5 /* CategoryCVC.swift in Sources */ = {isa = PBXBuildFile; fileRef = 22FF3A502610F1C3002B86F5 /* CategoryCVC.swift */; };
		22FF3A5E2610FC36002B86F5 /* CategoryResultVC.swift in Sources */ = {isa = PBXBuildFile; fileRef = 22FF3A5D2610FC36002B86F5 /* CategoryResultVC.swift */; };
		22FF3A632610FC61002B86F5 /* CategoryResultTVC.swift in Sources */ = {isa = PBXBuildFile; fileRef = 22FF3A622610FC61002B86F5 /* CategoryResultTVC.swift */; };
		4042B4CA744FFD0A0DC19A3C /* Pods_GuideNewsTests.framework in Frameworks */ = {isa = PBXBuildFile; fileRef = 32519CB949798F8AFEDEB805 /* Pods_GuideNewsTests.framework */; };
		CFBA51E62CF0FFDD90C87DAF /* Pods_GuideNews_GuideNewsUITests.framework in Frameworks */ = {isa = PBXBuildFile; fileRef = 3968714669D18D5304BD406B /* Pods_GuideNews_GuideNewsUITests.framework */; };
		E6754F5D8DC90D386D57A583 /* Pods_GuideNews.framework in Frameworks */ = {isa = PBXBuildFile; fileRef = BC0E7DC858BD945787DEE06D /* Pods_GuideNews.framework */; };
/* End PBXBuildFile section */

/* Begin PBXContainerItemProxy section */
		22CD46FD260C749F00478697 /* PBXContainerItemProxy */ = {
			isa = PBXContainerItemProxy;
			containerPortal = 22CD46DE260C749E00478697 /* Project object */;
			proxyType = 1;
			remoteGlobalIDString = 22CD46E5260C749E00478697;
			remoteInfo = GuideNews;
		};
		22CD4708260C749F00478697 /* PBXContainerItemProxy */ = {
			isa = PBXContainerItemProxy;
			containerPortal = 22CD46DE260C749E00478697 /* Project object */;
			proxyType = 1;
			remoteGlobalIDString = 22CD46E5260C749E00478697;
			remoteInfo = GuideNews;
		};
/* End PBXContainerItemProxy section */

/* Begin PBXFileReference section */
		0A0DFAEC1DCFF1CE2E4EF2FE /* Pods-GuideNews.debug.xcconfig */ = {isa = PBXFileReference; includeInIndex = 1; lastKnownFileType = text.xcconfig; name = "Pods-GuideNews.debug.xcconfig"; path = "Target Support Files/Pods-GuideNews/Pods-GuideNews.debug.xcconfig"; sourceTree = "<group>"; };
		0AD832B2A207D07D09FBF291 /* Pods-GuideNewsTests.debug.xcconfig */ = {isa = PBXFileReference; includeInIndex = 1; lastKnownFileType = text.xcconfig; name = "Pods-GuideNewsTests.debug.xcconfig"; path = "Target Support Files/Pods-GuideNewsTests/Pods-GuideNewsTests.debug.xcconfig"; sourceTree = "<group>"; };
		2200D9CD26120D3300186CB6 /* GetSearchedNews.swift */ = {isa = PBXFileReference; lastKnownFileType = sourcecode.swift; path = GetSearchedNews.swift; sourceTree = "<group>"; };
		22214D2726130106001AEA81 /* DateFormatting.swift */ = {isa = PBXFileReference; lastKnownFileType = sourcecode.swift; path = DateFormatting.swift; sourceTree = "<group>"; };
		22214D2C2613017C001AEA81 /* GetYesterdayNews.swift */ = {isa = PBXFileReference; lastKnownFileType = sourcecode.swift; path = GetYesterdayNews.swift; sourceTree = "<group>"; };
		22214D31261322A2001AEA81 /* GetCategoryNews.swift */ = {isa = PBXFileReference; lastKnownFileType = sourcecode.swift; path = GetCategoryNews.swift; sourceTree = "<group>"; };
		222763B22611A15D00CFD42E /* BreakingNews.swift */ = {isa = PBXFileReference; lastKnownFileType = sourcecode.swift; path = BreakingNews.swift; sourceTree = "<group>"; };
		222763BF2611A31500CFD42E /* GetPopularNews.swift */ = {isa = PBXFileReference; lastKnownFileType = sourcecode.swift; path = GetPopularNews.swift; sourceTree = "<group>"; };
		229BE1B72610B124008D9F25 /* PopularCVC.swift */ = {isa = PBXFileReference; lastKnownFileType = sourcecode.swift; path = PopularCVC.swift; sourceTree = "<group>"; };
		22CD46E6260C749F00478697 /* GuideNews.app */ = {isa = PBXFileReference; explicitFileType = wrapper.application; includeInIndex = 0; path = GuideNews.app; sourceTree = BUILT_PRODUCTS_DIR; };
		22CD46E9260C749F00478697 /* AppDelegate.swift */ = {isa = PBXFileReference; lastKnownFileType = sourcecode.swift; path = AppDelegate.swift; sourceTree = "<group>"; };
		22CD46EB260C749F00478697 /* SceneDelegate.swift */ = {isa = PBXFileReference; lastKnownFileType = sourcecode.swift; path = SceneDelegate.swift; sourceTree = "<group>"; };
		22CD46ED260C749F00478697 /* SplashScreenVC.swift */ = {isa = PBXFileReference; lastKnownFileType = sourcecode.swift; path = SplashScreenVC.swift; sourceTree = "<group>"; };
		22CD46F0260C749F00478697 /* Base */ = {isa = PBXFileReference; lastKnownFileType = file.storyboard; name = Base; path = Base.lproj/Main.storyboard; sourceTree = "<group>"; };
		22CD46F2260C749F00478697 /* Assets.xcassets */ = {isa = PBXFileReference; lastKnownFileType = folder.assetcatalog; path = Assets.xcassets; sourceTree = "<group>"; };
		22CD46F5260C749F00478697 /* Base */ = {isa = PBXFileReference; lastKnownFileType = file.storyboard; name = Base; path = Base.lproj/LaunchScreen.storyboard; sourceTree = "<group>"; };
		22CD46F7260C749F00478697 /* Info.plist */ = {isa = PBXFileReference; lastKnownFileType = text.plist.xml; path = Info.plist; sourceTree = "<group>"; };
		22CD46FC260C749F00478697 /* GuideNewsTests.xctest */ = {isa = PBXFileReference; explicitFileType = wrapper.cfbundle; includeInIndex = 0; path = GuideNewsTests.xctest; sourceTree = BUILT_PRODUCTS_DIR; };
		22CD4700260C749F00478697 /* GuideNewsTests.swift */ = {isa = PBXFileReference; lastKnownFileType = sourcecode.swift; path = GuideNewsTests.swift; sourceTree = "<group>"; };
		22CD4702260C749F00478697 /* Info.plist */ = {isa = PBXFileReference; lastKnownFileType = text.plist.xml; path = Info.plist; sourceTree = "<group>"; };
		22CD4707260C749F00478697 /* GuideNewsUITests.xctest */ = {isa = PBXFileReference; explicitFileType = wrapper.cfbundle; includeInIndex = 0; path = GuideNewsUITests.xctest; sourceTree = BUILT_PRODUCTS_DIR; };
		22CD470B260C749F00478697 /* GuideNewsUITests.swift */ = {isa = PBXFileReference; lastKnownFileType = sourcecode.swift; path = GuideNewsUITests.swift; sourceTree = "<group>"; };
		22CD470D260C749F00478697 /* Info.plist */ = {isa = PBXFileReference; lastKnownFileType = text.plist.xml; path = Info.plist; sourceTree = "<group>"; };
		22CD4741260C844B00478697 /* SplashScreenCarousel.swift */ = {isa = PBXFileReference; lastKnownFileType = sourcecode.swift; path = SplashScreenCarousel.swift; sourceTree = "<group>"; };
		22CD474D260C97C300478697 /* InterestVC.swift */ = {isa = PBXFileReference; lastKnownFileType = sourcecode.swift; path = InterestVC.swift; sourceTree = "<group>"; };
		22CD4752260C985000478697 /* GradientBackground.swift */ = {isa = PBXFileReference; lastKnownFileType = sourcecode.swift; path = GradientBackground.swift; sourceTree = "<group>"; };
		22CD4768260CA30100478697 /* InterestStruct.swift */ = {isa = PBXFileReference; lastKnownFileType = sourcecode.swift; path = InterestStruct.swift; sourceTree = "<group>"; };
		22CD476D260CAD4900478697 /* InterestCVC.swift */ = {isa = PBXFileReference; lastKnownFileType = sourcecode.swift; path = InterestCVC.swift; sourceTree = "<group>"; };
		22CD4780260DDC7500478697 /* CollectionViewFooter.swift */ = {isa = PBXFileReference; lastKnownFileType = sourcecode.swift; path = CollectionViewFooter.swift; sourceTree = "<group>"; };
		22CD478C260DFDD400478697 /* Feed.storyboard */ = {isa = PBXFileReference; lastKnownFileType = file.storyboard; path = Feed.storyboard; sourceTree = "<group>"; };
		22CD4791260DFE0200478697 /* FeedVC.swift */ = {isa = PBXFileReference; lastKnownFileType = sourcecode.swift; path = FeedVC.swift; sourceTree = "<group>"; };
		22CD47A5260E060F00478697 /* FeedTabBarController.swift */ = {isa = PBXFileReference; lastKnownFileType = sourcecode.swift; path = FeedTabBarController.swift; sourceTree = "<group>"; };
		22F80A382611AE1A000A68EA /* Constants.swift */ = {isa = PBXFileReference; lastKnownFileType = sourcecode.swift; path = Constants.swift; sourceTree = "<group>"; };
		22F80A452611E58E000A68EA /* NewsDetailsVC.swift */ = {isa = PBXFileReference; lastKnownFileType = sourcecode.swift; path = NewsDetailsVC.swift; sourceTree = "<group>"; };
		22FF3A1A2610BB4A002B86F5 /* FeedInterestCVC.swift */ = {isa = PBXFileReference; lastKnownFileType = sourcecode.swift; path = FeedInterestCVC.swift; sourceTree = "<group>"; };
		22FF3A1F2610C203002B86F5 /* YesterdayCVC.swift */ = {isa = PBXFileReference; lastKnownFileType = sourcecode.swift; path = YesterdayCVC.swift; sourceTree = "<group>"; };
		22FF3A342610CD84002B86F5 /* FeedLayoutExtention.swift */ = {isa = PBXFileReference; lastKnownFileType = sourcecode.swift; path = FeedLayoutExtention.swift; sourceTree = "<group>"; };
		22FF3A412610D4BD002B86F5 /* SearchVC.swift */ = {isa = PBXFileReference; lastKnownFileType = sourcecode.swift; path = SearchVC.swift; sourceTree = "<group>"; };
		22FF3A462610D850002B86F5 /* SearchTVC.swift */ = {isa = PBXFileReference; lastKnownFileType = sourcecode.swift; path = SearchTVC.swift; sourceTree = "<group>"; };
		22FF3A4B2610EFA0002B86F5 /* CategoryVC.swift */ = {isa = PBXFileReference; lastKnownFileType = sourcecode.swift; path = CategoryVC.swift; sourceTree = "<group>"; };
		22FF3A502610F1C3002B86F5 /* CategoryCVC.swift */ = {isa = PBXFileReference; lastKnownFileType = sourcecode.swift; path = CategoryCVC.swift; sourceTree = "<group>"; };
		22FF3A5D2610FC36002B86F5 /* CategoryResultVC.swift */ = {isa = PBXFileReference; lastKnownFileType = sourcecode.swift; path = CategoryResultVC.swift; sourceTree = "<group>"; };
		22FF3A622610FC61002B86F5 /* CategoryResultTVC.swift */ = {isa = PBXFileReference; lastKnownFileType = sourcecode.swift; path = CategoryResultTVC.swift; sourceTree = "<group>"; };
		26019A9E62FF40AC6D3A4B50 /* Pods-GuideNews-GuideNewsUITests.release.xcconfig */ = {isa = PBXFileReference; includeInIndex = 1; lastKnownFileType = text.xcconfig; name = "Pods-GuideNews-GuideNewsUITests.release.xcconfig"; path = "Target Support Files/Pods-GuideNews-GuideNewsUITests/Pods-GuideNews-GuideNewsUITests.release.xcconfig"; sourceTree = "<group>"; };
		32519CB949798F8AFEDEB805 /* Pods_GuideNewsTests.framework */ = {isa = PBXFileReference; explicitFileType = wrapper.framework; includeInIndex = 0; path = Pods_GuideNewsTests.framework; sourceTree = BUILT_PRODUCTS_DIR; };
		3968714669D18D5304BD406B /* Pods_GuideNews_GuideNewsUITests.framework */ = {isa = PBXFileReference; explicitFileType = wrapper.framework; includeInIndex = 0; path = Pods_GuideNews_GuideNewsUITests.framework; sourceTree = BUILT_PRODUCTS_DIR; };
		649ECBA4E33707D4A5177FC5 /* Pods-GuideNews.release.xcconfig */ = {isa = PBXFileReference; includeInIndex = 1; lastKnownFileType = text.xcconfig; name = "Pods-GuideNews.release.xcconfig"; path = "Target Support Files/Pods-GuideNews/Pods-GuideNews.release.xcconfig"; sourceTree = "<group>"; };
		BC0E7DC858BD945787DEE06D /* Pods_GuideNews.framework */ = {isa = PBXFileReference; explicitFileType = wrapper.framework; includeInIndex = 0; path = Pods_GuideNews.framework; sourceTree = BUILT_PRODUCTS_DIR; };
		CDE6121FC4D193DA7BDAC60E /* Pods-GuideNews-GuideNewsUITests.debug.xcconfig */ = {isa = PBXFileReference; includeInIndex = 1; lastKnownFileType = text.xcconfig; name = "Pods-GuideNews-GuideNewsUITests.debug.xcconfig"; path = "Target Support Files/Pods-GuideNews-GuideNewsUITests/Pods-GuideNews-GuideNewsUITests.debug.xcconfig"; sourceTree = "<group>"; };
		E4A4FFAC11A10312E4EE6779 /* Pods-GuideNewsTests.release.xcconfig */ = {isa = PBXFileReference; includeInIndex = 1; lastKnownFileType = text.xcconfig; name = "Pods-GuideNewsTests.release.xcconfig"; path = "Target Support Files/Pods-GuideNewsTests/Pods-GuideNewsTests.release.xcconfig"; sourceTree = "<group>"; };
/* End PBXFileReference section */

/* Begin PBXFrameworksBuildPhase section */
		22CD46E3260C749E00478697 /* Frameworks */ = {
			isa = PBXFrameworksBuildPhase;
			buildActionMask = 2147483647;
			files = (
				E6754F5D8DC90D386D57A583 /* Pods_GuideNews.framework in Frameworks */,
			);
			runOnlyForDeploymentPostprocessing = 0;
		};
		22CD46F9260C749F00478697 /* Frameworks */ = {
			isa = PBXFrameworksBuildPhase;
			buildActionMask = 2147483647;
			files = (
				4042B4CA744FFD0A0DC19A3C /* Pods_GuideNewsTests.framework in Frameworks */,
			);
			runOnlyForDeploymentPostprocessing = 0;
		};
		22CD4704260C749F00478697 /* Frameworks */ = {
			isa = PBXFrameworksBuildPhase;
			buildActionMask = 2147483647;
			files = (
				CFBA51E62CF0FFDD90C87DAF /* Pods_GuideNews_GuideNewsUITests.framework in Frameworks */,
			);
			runOnlyForDeploymentPostprocessing = 0;
		};
/* End PBXFrameworksBuildPhase section */

/* Begin PBXGroup section */
		22CD46DD260C749E00478697 = {
			isa = PBXGroup;
			children = (
				22CD46E8260C749F00478697 /* GuideNews */,
				22CD46FF260C749F00478697 /* GuideNewsTests */,
				22CD470A260C749F00478697 /* GuideNewsUITests */,
				22CD46E7260C749F00478697 /* Products */,
				28ED357C90EA2FE8D3BA724B /* Pods */,
				57F95974ACACAAE11B3F4C85 /* Frameworks */,
			);
			sourceTree = "<group>";
		};
		22CD46E7260C749F00478697 /* Products */ = {
			isa = PBXGroup;
			children = (
				22CD46E6260C749F00478697 /* GuideNews.app */,
				22CD46FC260C749F00478697 /* GuideNewsTests.xctest */,
				22CD4707260C749F00478697 /* GuideNewsUITests.xctest */,
			);
			name = Products;
			sourceTree = "<group>";
		};
		22CD46E8260C749F00478697 /* GuideNews */ = {
			isa = PBXGroup;
			children = (
				22CD472C260C752700478697 /* Storyboards */,
				22CD4727260C750000478697 /* Utils */,
				22CD4726260C74F400478697 /* Service */,
				22CD4725260C74E900478697 /* Controller */,
				22CD4724260C74E100478697 /* View */,
				22CD4723260C74DB00478697 /* Modal */,
				22CD4722260C74CD00478697 /* Delegates */,
				22CD46F2260C749F00478697 /* Assets.xcassets */,
				22CD46F4260C749F00478697 /* LaunchScreen.storyboard */,
				22CD46F7260C749F00478697 /* Info.plist */,
			);
			path = GuideNews;
			sourceTree = "<group>";
		};
		22CD46FF260C749F00478697 /* GuideNewsTests */ = {
			isa = PBXGroup;
			children = (
				22CD4700260C749F00478697 /* GuideNewsTests.swift */,
				22CD4702260C749F00478697 /* Info.plist */,
			);
			path = GuideNewsTests;
			sourceTree = "<group>";
		};
		22CD470A260C749F00478697 /* GuideNewsUITests */ = {
			isa = PBXGroup;
			children = (
				22CD470B260C749F00478697 /* GuideNewsUITests.swift */,
				22CD470D260C749F00478697 /* Info.plist */,
			);
			path = GuideNewsUITests;
			sourceTree = "<group>";
		};
		22CD4722260C74CD00478697 /* Delegates */ = {
			isa = PBXGroup;
			children = (
				22CD46E9260C749F00478697 /* AppDelegate.swift */,
				22CD46EB260C749F00478697 /* SceneDelegate.swift */,
			);
			name = Delegates;
			sourceTree = "<group>";
		};
		22CD4723260C74DB00478697 /* Modal */ = {
			isa = PBXGroup;
			children = (
				22CD4768260CA30100478697 /* InterestStruct.swift */,
				22CD4741260C844B00478697 /* SplashScreenCarousel.swift */,
				222763B22611A15D00CFD42E /* BreakingNews.swift */,
			);
			name = Modal;
			sourceTree = "<group>";
		};
		22CD4724260C74E100478697 /* View */ = {
			isa = PBXGroup;
			children = (
				22CD476D260CAD4900478697 /* InterestCVC.swift */,
				22CD4780260DDC7500478697 /* CollectionViewFooter.swift */,
				22CD47A5260E060F00478697 /* FeedTabBarController.swift */,
				229BE1B72610B124008D9F25 /* PopularCVC.swift */,
				22FF3A1A2610BB4A002B86F5 /* FeedInterestCVC.swift */,
				22FF3A1F2610C203002B86F5 /* YesterdayCVC.swift */,
				22FF3A462610D850002B86F5 /* SearchTVC.swift */,
				22FF3A502610F1C3002B86F5 /* CategoryCVC.swift */,
				22FF3A622610FC61002B86F5 /* CategoryResultTVC.swift */,
			);
			name = View;
			sourceTree = "<group>";
		};
		22CD4725260C74E900478697 /* Controller */ = {
			isa = PBXGroup;
			children = (
				22CD46ED260C749F00478697 /* SplashScreenVC.swift */,
				22CD474D260C97C300478697 /* InterestVC.swift */,
				22CD4791260DFE0200478697 /* FeedVC.swift */,
				22FF3A342610CD84002B86F5 /* FeedLayoutExtention.swift */,
				22FF3A412610D4BD002B86F5 /* SearchVC.swift */,
				22FF3A4B2610EFA0002B86F5 /* CategoryVC.swift */,
				22FF3A5D2610FC36002B86F5 /* CategoryResultVC.swift */,
				22F80A452611E58E000A68EA /* NewsDetailsVC.swift */,
			);
			name = Controller;
			sourceTree = "<group>";
		};
		22CD4726260C74F400478697 /* Service */ = {
			isa = PBXGroup;
			children = (
				222763BF2611A31500CFD42E /* GetPopularNews.swift */,
				22214D31261322A2001AEA81 /* GetCategoryNews.swift */,
				2200D9CD26120D3300186CB6 /* GetSearchedNews.swift */,
				22214D2C2613017C001AEA81 /* GetYesterdayNews.swift */,
			);
			name = Service;
			sourceTree = "<group>";
		};
		22CD4727260C750000478697 /* Utils */ = {
			isa = PBXGroup;
			children = (
				22CD4752260C985000478697 /* GradientBackground.swift */,
				22F80A382611AE1A000A68EA /* Constants.swift */,
				22214D2726130106001AEA81 /* DateFormatting.swift */,
			);
			name = Utils;
			sourceTree = "<group>";
		};
		22CD472C260C752700478697 /* Storyboards */ = {
			isa = PBXGroup;
			children = (
				22CD46EF260C749F00478697 /* Main.storyboard */,
				22CD478C260DFDD400478697 /* Feed.storyboard */,
			);
			name = Storyboards;
			sourceTree = "<group>";
		};
		28ED357C90EA2FE8D3BA724B /* Pods */ = {
			isa = PBXGroup;
			children = (
				0A0DFAEC1DCFF1CE2E4EF2FE /* Pods-GuideNews.debug.xcconfig */,
				649ECBA4E33707D4A5177FC5 /* Pods-GuideNews.release.xcconfig */,
				CDE6121FC4D193DA7BDAC60E /* Pods-GuideNews-GuideNewsUITests.debug.xcconfig */,
				26019A9E62FF40AC6D3A4B50 /* Pods-GuideNews-GuideNewsUITests.release.xcconfig */,
				0AD832B2A207D07D09FBF291 /* Pods-GuideNewsTests.debug.xcconfig */,
				E4A4FFAC11A10312E4EE6779 /* Pods-GuideNewsTests.release.xcconfig */,
			);
			path = Pods;
			sourceTree = "<group>";
		};
		57F95974ACACAAE11B3F4C85 /* Frameworks */ = {
			isa = PBXGroup;
			children = (
				BC0E7DC858BD945787DEE06D /* Pods_GuideNews.framework */,
				3968714669D18D5304BD406B /* Pods_GuideNews_GuideNewsUITests.framework */,
				32519CB949798F8AFEDEB805 /* Pods_GuideNewsTests.framework */,
			);
			name = Frameworks;
			sourceTree = "<group>";
		};
/* End PBXGroup section */

/* Begin PBXNativeTarget section */
		22CD46E5260C749E00478697 /* GuideNews */ = {
			isa = PBXNativeTarget;
			buildConfigurationList = 22CD4710260C749F00478697 /* Build configuration list for PBXNativeTarget "GuideNews" */;
			buildPhases = (
				236348C5FDD52E4AF5E6A288 /* [CP] Check Pods Manifest.lock */,
				22CD46E2260C749E00478697 /* Sources */,
				22CD46E3260C749E00478697 /* Frameworks */,
				22CD46E4260C749E00478697 /* Resources */,
				608CF731F7FF5B848C07C1C6 /* [CP] Embed Pods Frameworks */,
			);
			buildRules = (
			);
			dependencies = (
			);
			name = GuideNews;
			productName = GuideNews;
			productReference = 22CD46E6260C749F00478697 /* GuideNews.app */;
			productType = "com.apple.product-type.application";
		};
		22CD46FB260C749F00478697 /* GuideNewsTests */ = {
			isa = PBXNativeTarget;
			buildConfigurationList = 22CD4713260C749F00478697 /* Build configuration list for PBXNativeTarget "GuideNewsTests" */;
			buildPhases = (
				C9E7885498976E163F1D2B7A /* [CP] Check Pods Manifest.lock */,
				22CD46F8260C749F00478697 /* Sources */,
				22CD46F9260C749F00478697 /* Frameworks */,
				22CD46FA260C749F00478697 /* Resources */,
			);
			buildRules = (
			);
			dependencies = (
				22CD46FE260C749F00478697 /* PBXTargetDependency */,
			);
			name = GuideNewsTests;
			productName = GuideNewsTests;
			productReference = 22CD46FC260C749F00478697 /* GuideNewsTests.xctest */;
			productType = "com.apple.product-type.bundle.unit-test";
		};
		22CD4706260C749F00478697 /* GuideNewsUITests */ = {
			isa = PBXNativeTarget;
			buildConfigurationList = 22CD4716260C749F00478697 /* Build configuration list for PBXNativeTarget "GuideNewsUITests" */;
			buildPhases = (
				16C328A03A142D9DF1A9967A /* [CP] Check Pods Manifest.lock */,
				22CD4703260C749F00478697 /* Sources */,
				22CD4704260C749F00478697 /* Frameworks */,
				22CD4705260C749F00478697 /* Resources */,
				379609F37221A8D0BB358DF1 /* [CP] Embed Pods Frameworks */,
			);
			buildRules = (
			);
			dependencies = (
				22CD4709260C749F00478697 /* PBXTargetDependency */,
			);
			name = GuideNewsUITests;
			productName = GuideNewsUITests;
			productReference = 22CD4707260C749F00478697 /* GuideNewsUITests.xctest */;
			productType = "com.apple.product-type.bundle.ui-testing";
		};
/* End PBXNativeTarget section */

/* Begin PBXProject section */
		22CD46DE260C749E00478697 /* Project object */ = {
			isa = PBXProject;
			attributes = {
				LastSwiftUpdateCheck = 1200;
				LastUpgradeCheck = 1200;
				TargetAttributes = {
					22CD46E5260C749E00478697 = {
						CreatedOnToolsVersion = 12.0.1;
					};
					22CD46FB260C749F00478697 = {
						CreatedOnToolsVersion = 12.0.1;
						TestTargetID = 22CD46E5260C749E00478697;
					};
					22CD4706260C749F00478697 = {
						CreatedOnToolsVersion = 12.0.1;
						TestTargetID = 22CD46E5260C749E00478697;
					};
				};
			};
			buildConfigurationList = 22CD46E1260C749E00478697 /* Build configuration list for PBXProject "GuideNews" */;
			compatibilityVersion = "Xcode 9.3";
			developmentRegion = en;
			hasScannedForEncodings = 0;
			knownRegions = (
				en,
				Base,
			);
			mainGroup = 22CD46DD260C749E00478697;
			productRefGroup = 22CD46E7260C749F00478697 /* Products */;
			projectDirPath = "";
			projectRoot = "";
			targets = (
				22CD46E5260C749E00478697 /* GuideNews */,
				22CD46FB260C749F00478697 /* GuideNewsTests */,
				22CD4706260C749F00478697 /* GuideNewsUITests */,
			);
		};
/* End PBXProject section */

/* Begin PBXResourcesBuildPhase section */
		22CD46E4260C749E00478697 /* Resources */ = {
			isa = PBXResourcesBuildPhase;
			buildActionMask = 2147483647;
			files = (
				22CD46F6260C749F00478697 /* LaunchScreen.storyboard in Resources */,
				22CD46F3260C749F00478697 /* Assets.xcassets in Resources */,
				22CD478D260DFDD400478697 /* Feed.storyboard in Resources */,
				22CD46F1260C749F00478697 /* Main.storyboard in Resources */,
			);
			runOnlyForDeploymentPostprocessing = 0;
		};
		22CD46FA260C749F00478697 /* Resources */ = {
			isa = PBXResourcesBuildPhase;
			buildActionMask = 2147483647;
			files = (
			);
			runOnlyForDeploymentPostprocessing = 0;
		};
		22CD4705260C749F00478697 /* Resources */ = {
			isa = PBXResourcesBuildPhase;
			buildActionMask = 2147483647;
			files = (
			);
			runOnlyForDeploymentPostprocessing = 0;
		};
/* End PBXResourcesBuildPhase section */

/* Begin PBXShellScriptBuildPhase section */
		16C328A03A142D9DF1A9967A /* [CP] Check Pods Manifest.lock */ = {
			isa = PBXShellScriptBuildPhase;
			buildActionMask = 2147483647;
			files = (
			);
			inputFileListPaths = (
			);
			inputPaths = (
				"${PODS_PODFILE_DIR_PATH}/Podfile.lock",
				"${PODS_ROOT}/Manifest.lock",
			);
			name = "[CP] Check Pods Manifest.lock";
			outputFileListPaths = (
			);
			outputPaths = (
				"$(DERIVED_FILE_DIR)/Pods-GuideNews-GuideNewsUITests-checkManifestLockResult.txt",
			);
			runOnlyForDeploymentPostprocessing = 0;
			shellPath = /bin/sh;
			shellScript = "diff \"${PODS_PODFILE_DIR_PATH}/Podfile.lock\" \"${PODS_ROOT}/Manifest.lock\" > /dev/null\nif [ $? != 0 ] ; then\n    # print error to STDERR\n    echo \"error: The sandbox is not in sync with the Podfile.lock. Run 'pod install' or update your CocoaPods installation.\" >&2\n    exit 1\nfi\n# This output is used by Xcode 'outputs' to avoid re-running this script phase.\necho \"SUCCESS\" > \"${SCRIPT_OUTPUT_FILE_0}\"\n";
			showEnvVarsInLog = 0;
		};
		236348C5FDD52E4AF5E6A288 /* [CP] Check Pods Manifest.lock */ = {
			isa = PBXShellScriptBuildPhase;
			buildActionMask = 2147483647;
			files = (
			);
			inputFileListPaths = (
			);
			inputPaths = (
				"${PODS_PODFILE_DIR_PATH}/Podfile.lock",
				"${PODS_ROOT}/Manifest.lock",
			);
			name = "[CP] Check Pods Manifest.lock";
			outputFileListPaths = (
			);
			outputPaths = (
				"$(DERIVED_FILE_DIR)/Pods-GuideNews-checkManifestLockResult.txt",
			);
			runOnlyForDeploymentPostprocessing = 0;
			shellPath = /bin/sh;
			shellScript = "diff \"${PODS_PODFILE_DIR_PATH}/Podfile.lock\" \"${PODS_ROOT}/Manifest.lock\" > /dev/null\nif [ $? != 0 ] ; then\n    # print error to STDERR\n    echo \"error: The sandbox is not in sync with the Podfile.lock. Run 'pod install' or update your CocoaPods installation.\" >&2\n    exit 1\nfi\n# This output is used by Xcode 'outputs' to avoid re-running this script phase.\necho \"SUCCESS\" > \"${SCRIPT_OUTPUT_FILE_0}\"\n";
			showEnvVarsInLog = 0;
		};
		379609F37221A8D0BB358DF1 /* [CP] Embed Pods Frameworks */ = {
			isa = PBXShellScriptBuildPhase;
			buildActionMask = 2147483647;
			files = (
			);
			inputFileListPaths = (
				"${PODS_ROOT}/Target Support Files/Pods-GuideNews-GuideNewsUITests/Pods-GuideNews-GuideNewsUITests-frameworks-${CONFIGURATION}-input-files.xcfilelist",
			);
			name = "[CP] Embed Pods Frameworks";
			outputFileListPaths = (
				"${PODS_ROOT}/Target Support Files/Pods-GuideNews-GuideNewsUITests/Pods-GuideNews-GuideNewsUITests-frameworks-${CONFIGURATION}-output-files.xcfilelist",
			);
			runOnlyForDeploymentPostprocessing = 0;
			shellPath = /bin/sh;
			shellScript = "\"${PODS_ROOT}/Target Support Files/Pods-GuideNews-GuideNewsUITests/Pods-GuideNews-GuideNewsUITests-frameworks.sh\"\n";
			showEnvVarsInLog = 0;
		};
		608CF731F7FF5B848C07C1C6 /* [CP] Embed Pods Frameworks */ = {
			isa = PBXShellScriptBuildPhase;
			buildActionMask = 2147483647;
			files = (
			);
			inputFileListPaths = (
				"${PODS_ROOT}/Target Support Files/Pods-GuideNews/Pods-GuideNews-frameworks-${CONFIGURATION}-input-files.xcfilelist",
			);
			name = "[CP] Embed Pods Frameworks";
			outputFileListPaths = (
				"${PODS_ROOT}/Target Support Files/Pods-GuideNews/Pods-GuideNews-frameworks-${CONFIGURATION}-output-files.xcfilelist",
			);
			runOnlyForDeploymentPostprocessing = 0;
			shellPath = /bin/sh;
			shellScript = "\"${PODS_ROOT}/Target Support Files/Pods-GuideNews/Pods-GuideNews-frameworks.sh\"\n";
			showEnvVarsInLog = 0;
		};
		C9E7885498976E163F1D2B7A /* [CP] Check Pods Manifest.lock */ = {
			isa = PBXShellScriptBuildPhase;
			buildActionMask = 2147483647;
			files = (
			);
			inputFileListPaths = (
			);
			inputPaths = (
				"${PODS_PODFILE_DIR_PATH}/Podfile.lock",
				"${PODS_ROOT}/Manifest.lock",
			);
			name = "[CP] Check Pods Manifest.lock";
			outputFileListPaths = (
			);
			outputPaths = (
				"$(DERIVED_FILE_DIR)/Pods-GuideNewsTests-checkManifestLockResult.txt",
			);
			runOnlyForDeploymentPostprocessing = 0;
			shellPath = /bin/sh;
			shellScript = "diff \"${PODS_PODFILE_DIR_PATH}/Podfile.lock\" \"${PODS_ROOT}/Manifest.lock\" > /dev/null\nif [ $? != 0 ] ; then\n    # print error to STDERR\n    echo \"error: The sandbox is not in sync with the Podfile.lock. Run 'pod install' or update your CocoaPods installation.\" >&2\n    exit 1\nfi\n# This output is used by Xcode 'outputs' to avoid re-running this script phase.\necho \"SUCCESS\" > \"${SCRIPT_OUTPUT_FILE_0}\"\n";
			showEnvVarsInLog = 0;
		};
/* End PBXShellScriptBuildPhase section */

/* Begin PBXSourcesBuildPhase section */
		22CD46E2260C749E00478697 /* Sources */ = {
			isa = PBXSourcesBuildPhase;
			buildActionMask = 2147483647;
			files = (
				22214D2D2613017C001AEA81 /* GetYesterdayNews.swift in Sources */,
				2200D9CE26120D3300186CB6 /* GetSearchedNews.swift in Sources */,
				22214D32261322A2001AEA81 /* GetCategoryNews.swift in Sources */,
				22FF3A472610D850002B86F5 /* SearchTVC.swift in Sources */,
				22CD46EE260C749F00478697 /* SplashScreenVC.swift in Sources */,
				22CD4781260DDC7500478697 /* CollectionViewFooter.swift in Sources */,
				22CD4792260DFE0200478697 /* FeedVC.swift in Sources */,
				22FF3A352610CD84002B86F5 /* FeedLayoutExtention.swift in Sources */,
				222763B32611A15D00CFD42E /* BreakingNews.swift in Sources */,
				22FF3A1B2610BB4A002B86F5 /* FeedInterestCVC.swift in Sources */,
				22CD46EA260C749F00478697 /* AppDelegate.swift in Sources */,
				22CD47A6260E060F00478697 /* FeedTabBarController.swift in Sources */,
				22214D2826130106001AEA81 /* DateFormatting.swift in Sources */,
				22CD4742260C844B00478697 /* SplashScreenCarousel.swift in Sources */,
				22FF3A422610D4BD002B86F5 /* SearchVC.swift in Sources */,
				229BE1B82610B124008D9F25 /* PopularCVC.swift in Sources */,
				22FF3A512610F1C3002B86F5 /* CategoryCVC.swift in Sources */,
				22CD474E260C97C300478697 /* InterestVC.swift in Sources */,
				22FF3A4C2610EFA0002B86F5 /* CategoryVC.swift in Sources */,
				222763C02611A31500CFD42E /* GetPopularNews.swift in Sources */,
				22FF3A632610FC61002B86F5 /* CategoryResultTVC.swift in Sources */,
				22FF3A202610C203002B86F5 /* YesterdayCVC.swift in Sources */,
				22FF3A5E2610FC36002B86F5 /* CategoryResultVC.swift in Sources */,
				22CD4769260CA30100478697 /* InterestStruct.swift in Sources */,
				22CD46EC260C749F00478697 /* SceneDelegate.swift in Sources */,
				22CD476E260CAD4900478697 /* InterestCVC.swift in Sources */,
				22CD4753260C985000478697 /* GradientBackground.swift in Sources */,
				22F80A462611E58E000A68EA /* NewsDetailsVC.swift in Sources */,
				22F80A392611AE1A000A68EA /* Constants.swift in Sources */,
			);
			runOnlyForDeploymentPostprocessing = 0;
		};
		22CD46F8260C749F00478697 /* Sources */ = {
			isa = PBXSourcesBuildPhase;
			buildActionMask = 2147483647;
			files = (
				22CD4701260C749F00478697 /* GuideNewsTests.swift in Sources */,
			);
			runOnlyForDeploymentPostprocessing = 0;
		};
		22CD4703260C749F00478697 /* Sources */ = {
			isa = PBXSourcesBuildPhase;
			buildActionMask = 2147483647;
			files = (
				22CD470C260C749F00478697 /* GuideNewsUITests.swift in Sources */,
			);
			runOnlyForDeploymentPostprocessing = 0;
		};
/* End PBXSourcesBuildPhase section */

/* Begin PBXTargetDependency section */
		22CD46FE260C749F00478697 /* PBXTargetDependency */ = {
			isa = PBXTargetDependency;
			target = 22CD46E5260C749E00478697 /* GuideNews */;
			targetProxy = 22CD46FD260C749F00478697 /* PBXContainerItemProxy */;
		};
		22CD4709260C749F00478697 /* PBXTargetDependency */ = {
			isa = PBXTargetDependency;
			target = 22CD46E5260C749E00478697 /* GuideNews */;
			targetProxy = 22CD4708260C749F00478697 /* PBXContainerItemProxy */;
		};
/* End PBXTargetDependency section */

/* Begin PBXVariantGroup section */
		22CD46EF260C749F00478697 /* Main.storyboard */ = {
			isa = PBXVariantGroup;
			children = (
				22CD46F0260C749F00478697 /* Base */,
			);
			name = Main.storyboard;
			sourceTree = "<group>";
		};
		22CD46F4260C749F00478697 /* LaunchScreen.storyboard */ = {
			isa = PBXVariantGroup;
			children = (
				22CD46F5260C749F00478697 /* Base */,
			);
			name = LaunchScreen.storyboard;
			sourceTree = "<group>";
		};
/* End PBXVariantGroup section */

/* Begin XCBuildConfiguration section */
		22CD470E260C749F00478697 /* Debug */ = {
			isa = XCBuildConfiguration;
			buildSettings = {
				ALWAYS_SEARCH_USER_PATHS = NO;
				CLANG_ANALYZER_NONNULL = YES;
				CLANG_ANALYZER_NUMBER_OBJECT_CONVERSION = YES_AGGRESSIVE;
				CLANG_CXX_LANGUAGE_STANDARD = "gnu++14";
				CLANG_CXX_LIBRARY = "libc++";
				CLANG_ENABLE_MODULES = YES;
				CLANG_ENABLE_OBJC_ARC = YES;
				CLANG_ENABLE_OBJC_WEAK = YES;
				CLANG_WARN_BLOCK_CAPTURE_AUTORELEASING = YES;
				CLANG_WARN_BOOL_CONVERSION = YES;
				CLANG_WARN_COMMA = YES;
				CLANG_WARN_CONSTANT_CONVERSION = YES;
				CLANG_WARN_DEPRECATED_OBJC_IMPLEMENTATIONS = YES;
				CLANG_WARN_DIRECT_OBJC_ISA_USAGE = YES_ERROR;
				CLANG_WARN_DOCUMENTATION_COMMENTS = YES;
				CLANG_WARN_EMPTY_BODY = YES;
				CLANG_WARN_ENUM_CONVERSION = YES;
				CLANG_WARN_INFINITE_RECURSION = YES;
				CLANG_WARN_INT_CONVERSION = YES;
				CLANG_WARN_NON_LITERAL_NULL_CONVERSION = YES;
				CLANG_WARN_OBJC_IMPLICIT_RETAIN_SELF = YES;
				CLANG_WARN_OBJC_LITERAL_CONVERSION = YES;
				CLANG_WARN_OBJC_ROOT_CLASS = YES_ERROR;
				CLANG_WARN_QUOTED_INCLUDE_IN_FRAMEWORK_HEADER = YES;
				CLANG_WARN_RANGE_LOOP_ANALYSIS = YES;
				CLANG_WARN_STRICT_PROTOTYPES = YES;
				CLANG_WARN_SUSPICIOUS_MOVE = YES;
				CLANG_WARN_UNGUARDED_AVAILABILITY = YES_AGGRESSIVE;
				CLANG_WARN_UNREACHABLE_CODE = YES;
				CLANG_WARN__DUPLICATE_METHOD_MATCH = YES;
				COPY_PHASE_STRIP = NO;
				DEBUG_INFORMATION_FORMAT = dwarf;
				ENABLE_STRICT_OBJC_MSGSEND = YES;
				ENABLE_TESTABILITY = YES;
				GCC_C_LANGUAGE_STANDARD = gnu11;
				GCC_DYNAMIC_NO_PIC = NO;
				GCC_NO_COMMON_BLOCKS = YES;
				GCC_OPTIMIZATION_LEVEL = 0;
				GCC_PREPROCESSOR_DEFINITIONS = (
					"DEBUG=1",
					"$(inherited)",
				);
				GCC_WARN_64_TO_32_BIT_CONVERSION = YES;
				GCC_WARN_ABOUT_RETURN_TYPE = YES_ERROR;
				GCC_WARN_UNDECLARED_SELECTOR = YES;
				GCC_WARN_UNINITIALIZED_AUTOS = YES_AGGRESSIVE;
				GCC_WARN_UNUSED_FUNCTION = YES;
				GCC_WARN_UNUSED_VARIABLE = YES;
				IPHONEOS_DEPLOYMENT_TARGET = 14.0;
				MTL_ENABLE_DEBUG_INFO = INCLUDE_SOURCE;
				MTL_FAST_MATH = YES;
				ONLY_ACTIVE_ARCH = YES;
				SDKROOT = iphoneos;
				SWIFT_ACTIVE_COMPILATION_CONDITIONS = DEBUG;
				SWIFT_OPTIMIZATION_LEVEL = "-Onone";
			};
			name = Debug;
		};
		22CD470F260C749F00478697 /* Release */ = {
			isa = XCBuildConfiguration;
			buildSettings = {
				ALWAYS_SEARCH_USER_PATHS = NO;
				CLANG_ANALYZER_NONNULL = YES;
				CLANG_ANALYZER_NUMBER_OBJECT_CONVERSION = YES_AGGRESSIVE;
				CLANG_CXX_LANGUAGE_STANDARD = "gnu++14";
				CLANG_CXX_LIBRARY = "libc++";
				CLANG_ENABLE_MODULES = YES;
				CLANG_ENABLE_OBJC_ARC = YES;
				CLANG_ENABLE_OBJC_WEAK = YES;
				CLANG_WARN_BLOCK_CAPTURE_AUTORELEASING = YES;
				CLANG_WARN_BOOL_CONVERSION = YES;
				CLANG_WARN_COMMA = YES;
				CLANG_WARN_CONSTANT_CONVERSION = YES;
				CLANG_WARN_DEPRECATED_OBJC_IMPLEMENTATIONS = YES;
				CLANG_WARN_DIRECT_OBJC_ISA_USAGE = YES_ERROR;
				CLANG_WARN_DOCUMENTATION_COMMENTS = YES;
				CLANG_WARN_EMPTY_BODY = YES;
				CLANG_WARN_ENUM_CONVERSION = YES;
				CLANG_WARN_INFINITE_RECURSION = YES;
				CLANG_WARN_INT_CONVERSION = YES;
				CLANG_WARN_NON_LITERAL_NULL_CONVERSION = YES;
				CLANG_WARN_OBJC_IMPLICIT_RETAIN_SELF = YES;
				CLANG_WARN_OBJC_LITERAL_CONVERSION = YES;
				CLANG_WARN_OBJC_ROOT_CLASS = YES_ERROR;
				CLANG_WARN_QUOTED_INCLUDE_IN_FRAMEWORK_HEADER = YES;
				CLANG_WARN_RANGE_LOOP_ANALYSIS = YES;
				CLANG_WARN_STRICT_PROTOTYPES = YES;
				CLANG_WARN_SUSPICIOUS_MOVE = YES;
				CLANG_WARN_UNGUARDED_AVAILABILITY = YES_AGGRESSIVE;
				CLANG_WARN_UNREACHABLE_CODE = YES;
				CLANG_WARN__DUPLICATE_METHOD_MATCH = YES;
				COPY_PHASE_STRIP = NO;
				DEBUG_INFORMATION_FORMAT = "dwarf-with-dsym";
				ENABLE_NS_ASSERTIONS = NO;
				ENABLE_STRICT_OBJC_MSGSEND = YES;
				GCC_C_LANGUAGE_STANDARD = gnu11;
				GCC_NO_COMMON_BLOCKS = YES;
				GCC_WARN_64_TO_32_BIT_CONVERSION = YES;
				GCC_WARN_ABOUT_RETURN_TYPE = YES_ERROR;
				GCC_WARN_UNDECLARED_SELECTOR = YES;
				GCC_WARN_UNINITIALIZED_AUTOS = YES_AGGRESSIVE;
				GCC_WARN_UNUSED_FUNCTION = YES;
				GCC_WARN_UNUSED_VARIABLE = YES;
				IPHONEOS_DEPLOYMENT_TARGET = 14.0;
				MTL_ENABLE_DEBUG_INFO = NO;
				MTL_FAST_MATH = YES;
				SDKROOT = iphoneos;
				SWIFT_COMPILATION_MODE = wholemodule;
				SWIFT_OPTIMIZATION_LEVEL = "-O";
				VALIDATE_PRODUCT = YES;
			};
			name = Release;
		};
		22CD4711260C749F00478697 /* Debug */ = {
			isa = XCBuildConfiguration;
			baseConfigurationReference = 0A0DFAEC1DCFF1CE2E4EF2FE /* Pods-GuideNews.debug.xcconfig */;
			buildSettings = {
				ASSETCATALOG_COMPILER_APPICON_NAME = AppIcon;
				ASSETCATALOG_COMPILER_GLOBAL_ACCENT_COLOR_NAME = AccentColor;
				CODE_SIGN_STYLE = Automatic;
				DEVELOPMENT_TEAM = 2S3QXRY39H;
				INFOPLIST_FILE = GuideNews/Info.plist;
				IPHONEOS_DEPLOYMENT_TARGET = 13.5;
				LD_RUNPATH_SEARCH_PATHS = (
					"$(inherited)",
					"@executable_path/Frameworks",
				);
				PRODUCT_BUNDLE_IDENTIFIER = onurustunel.GuideNews;
				PRODUCT_NAME = "$(TARGET_NAME)";
				SWIFT_VERSION = 5.0;
				TARGETED_DEVICE_FAMILY = "1,2";
			};
			name = Debug;
		};
		22CD4712260C749F00478697 /* Release */ = {
			isa = XCBuildConfiguration;
			baseConfigurationReference = 649ECBA4E33707D4A5177FC5 /* Pods-GuideNews.release.xcconfig */;
			buildSettings = {
				ASSETCATALOG_COMPILER_APPICON_NAME = AppIcon;
				ASSETCATALOG_COMPILER_GLOBAL_ACCENT_COLOR_NAME = AccentColor;
				CODE_SIGN_STYLE = Automatic;
				DEVELOPMENT_TEAM = 2S3QXRY39H;
				INFOPLIST_FILE = GuideNews/Info.plist;
				IPHONEOS_DEPLOYMENT_TARGET = 13.5;
				LD_RUNPATH_SEARCH_PATHS = (
					"$(inherited)",
					"@executable_path/Frameworks",
				);
				PRODUCT_BUNDLE_IDENTIFIER = onurustunel.GuideNews;
				PRODUCT_NAME = "$(TARGET_NAME)";
				SWIFT_VERSION = 5.0;
				TARGETED_DEVICE_FAMILY = "1,2";
			};
			name = Release;
		};
		22CD4714260C749F00478697 /* Debug */ = {
			isa = XCBuildConfiguration;
			baseConfigurationReference = 0AD832B2A207D07D09FBF291 /* Pods-GuideNewsTests.debug.xcconfig */;
			buildSettings = {
				ALWAYS_EMBED_SWIFT_STANDARD_LIBRARIES = YES;
				BUNDLE_LOADER = "$(TEST_HOST)";
				CODE_SIGN_STYLE = Automatic;
				INFOPLIST_FILE = GuideNewsTests/Info.plist;
				IPHONEOS_DEPLOYMENT_TARGET = 14.0;
				LD_RUNPATH_SEARCH_PATHS = (
					"$(inherited)",
					"@executable_path/Frameworks",
					"@loader_path/Frameworks",
				);
				PRODUCT_BUNDLE_IDENTIFIER = onurustunel.GuideNewsTests;
				PRODUCT_NAME = "$(TARGET_NAME)";
				SWIFT_VERSION = 5.0;
				TARGETED_DEVICE_FAMILY = "1,2";
				TEST_HOST = "$(BUILT_PRODUCTS_DIR)/GuideNews.app/GuideNews";
			};
			name = Debug;
		};
		22CD4715260C749F00478697 /* Release */ = {
			isa = XCBuildConfiguration;
			baseConfigurationReference = E4A4FFAC11A10312E4EE6779 /* Pods-GuideNewsTests.release.xcconfig */;
			buildSettings = {
				ALWAYS_EMBED_SWIFT_STANDARD_LIBRARIES = YES;
				BUNDLE_LOADER = "$(TEST_HOST)";
				CODE_SIGN_STYLE = Automatic;
				INFOPLIST_FILE = GuideNewsTests/Info.plist;
				IPHONEOS_DEPLOYMENT_TARGET = 14.0;
				LD_RUNPATH_SEARCH_PATHS = (
					"$(inherited)",
					"@executable_path/Frameworks",
					"@loader_path/Frameworks",
				);
				PRODUCT_BUNDLE_IDENTIFIER = onurustunel.GuideNewsTests;
				PRODUCT_NAME = "$(TARGET_NAME)";
				SWIFT_VERSION = 5.0;
				TARGETED_DEVICE_FAMILY = "1,2";
				TEST_HOST = "$(BUILT_PRODUCTS_DIR)/GuideNews.app/GuideNews";
			};
			name = Release;
		};
		22CD4717260C749F00478697 /* Debug */ = {
			isa = XCBuildConfiguration;
			baseConfigurationReference = CDE6121FC4D193DA7BDAC60E /* Pods-GuideNews-GuideNewsUITests.debug.xcconfig */;
			buildSettings = {
				ALWAYS_EMBED_SWIFT_STANDARD_LIBRARIES = YES;
				CODE_SIGN_STYLE = Automatic;
				INFOPLIST_FILE = GuideNewsUITests/Info.plist;
				LD_RUNPATH_SEARCH_PATHS = (
					"$(inherited)",
					"@executable_path/Frameworks",
					"@loader_path/Frameworks",
				);
				PRODUCT_BUNDLE_IDENTIFIER = onurustunel.GuideNewsUITests;
				PRODUCT_NAME = "$(TARGET_NAME)";
				SWIFT_VERSION = 5.0;
				TARGETED_DEVICE_FAMILY = "1,2";
				TEST_TARGET_NAME = GuideNews;
			};
			name = Debug;
		};
		22CD4718260C749F00478697 /* Release */ = {
			isa = XCBuildConfiguration;
			baseConfigurationReference = 26019A9E62FF40AC6D3A4B50 /* Pods-GuideNews-GuideNewsUITests.release.xcconfig */;
			buildSettings = {
				ALWAYS_EMBED_SWIFT_STANDARD_LIBRARIES = YES;
				CODE_SIGN_STYLE = Automatic;
				INFOPLIST_FILE = GuideNewsUITests/Info.plist;
				LD_RUNPATH_SEARCH_PATHS = (
					"$(inherited)",
					"@executable_path/Frameworks",
					"@loader_path/Frameworks",
				);
				PRODUCT_BUNDLE_IDENTIFIER = onurustunel.GuideNewsUITests;
				PRODUCT_NAME = "$(TARGET_NAME)";
				SWIFT_VERSION = 5.0;
				TARGETED_DEVICE_FAMILY = "1,2";
				TEST_TARGET_NAME = GuideNews;
			};
			name = Release;
		};
/* End XCBuildConfiguration section */

/* Begin XCConfigurationList section */
		22CD46E1260C749E00478697 /* Build configuration list for PBXProject "GuideNews" */ = {
			isa = XCConfigurationList;
			buildConfigurations = (
				22CD470E260C749F00478697 /* Debug */,
				22CD470F260C749F00478697 /* Release */,
			);
			defaultConfigurationIsVisible = 0;
			defaultConfigurationName = Release;
		};
		22CD4710260C749F00478697 /* Build configuration list for PBXNativeTarget "GuideNews" */ = {
			isa = XCConfigurationList;
			buildConfigurations = (
				22CD4711260C749F00478697 /* Debug */,
				22CD4712260C749F00478697 /* Release */,
			);
			defaultConfigurationIsVisible = 0;
			defaultConfigurationName = Release;
		};
		22CD4713260C749F00478697 /* Build configuration list for PBXNativeTarget "GuideNewsTests" */ = {
			isa = XCConfigurationList;
			buildConfigurations = (
				22CD4714260C749F00478697 /* Debug */,
				22CD4715260C749F00478697 /* Release */,
			);
			defaultConfigurationIsVisible = 0;
			defaultConfigurationName = Release;
		};
		22CD4716260C749F00478697 /* Build configuration list for PBXNativeTarget "GuideNewsUITests" */ = {
			isa = XCConfigurationList;
			buildConfigurations = (
				22CD4717260C749F00478697 /* Debug */,
				22CD4718260C749F00478697 /* Release */,
			);
			defaultConfigurationIsVisible = 0;
			defaultConfigurationName = Release;
		};
/* End XCConfigurationList section */
	};
	rootObject = 22CD46DE260C749E00478697 /* Project object */;
}
